Microsoft Visual Studio Solution File, Format Version 12.00
# Visual Studio Version 17
VisualStudioVersion = 17.5.2.0
MinimumVisualStudioVersion = 10.0.40219.1
Project("{FAE04EC0-301F-11D3-BF4B-00C04F79EFBC}") = "Laborator1", "Laborator1\Laborator1.csproj", "{879A30F2-1AF6-A81C-E542-C13F840875E6}"
EndProject
Global
	GlobalSection(SolutionConfigurationPlatforms) = preSolution
		Debug|Any CPU = Debug|Any CPU
		Release|Any CPU = Release|Any CPU
	EndGlobalSection
	GlobalSection(ProjectConfigurationPlatforms) = postSolution
		{879A30F2-1AF6-A81C-E542-C13F840875E6}.Debug|Any CPU.ActiveCfg = Debug|Any CPU
		{879A30F2-1AF6-A81C-E542-C13F840875E6}.Debug|Any CPU.Build.0 = Debug|Any CPU
		{879A30F2-1AF6-A81C-E542-C13F840875E6}.Release|Any CPU.ActiveCfg = Release|Any CPU
		{879A30F2-1AF6-A81C-E542-C13F840875E6}.Release|Any CPU.Build.0 = Release|Any CPU
	EndGlobalSection
	GlobalSection(SolutionProperties) = preSolution
		HideSolutionNode = FALSE
	EndGlobalSection
	GlobalSection(ExtensibilityGlobals) = postSolution
		SolutionGuid = {6E643DAA-8525-4A73-93D6-4F9E53410D9A}
	EndGlobalSection
EndGlobal
